
Microsoft Visual Studio Solution File, Format Version 12.00
# Visual Studio Version 17
VisualStudioVersion = 17.10.34928.147
MinimumVisualStudioVersion = 10.0.40219.1
Project("{9A19103F-16F7-4668-BE54-9A1E7A4F7556}") = "XNode", "XNode\XNode.csproj", "{76AB1B49-CA00-4705-A80F-EE20F7F26650}"
EndProject
Project("{9A19103F-16F7-4668-BE54-9A1E7A4F7556}") = "XLib.WPFStyle", "XLib.WPFStyle\XLib.WPFStyle.csproj", "{310C0FCD-85AC-4032-9A04-DD6FCD5F9299}"
EndProject
Project("{9A19103F-16F7-4668-BE54-9A1E7A4F7556}") = "XLib.WPF", "XLib.WPF\XLib.WPF.csproj", "{DBA0491B-DD15-409D-A98F-B56A6C6976C2}"
EndProject
Project("{9A19103F-16F7-4668-BE54-9A1E7A4F7556}") = "XLib.Base", "XLib.Base\XLib.Base.csproj", "{DBEE9482-C744-45A9-B0AD-39A5408276D5}"
EndProject
Project("{9A19103F-16F7-4668-BE54-9A1E7A4F7556}") = "XLib.WPFControl", "XLib.WPFControl\XLib.WPFControl.csproj", "{FC34A634-13BE-4581-8EBB-B038CBB8FA49}"
EndProject
Project("{9A19103F-16F7-4668-BE54-9A1E7A4F7556}") = "XLib.Node", "XLib.Node\XLib.Node.csproj", "{AE46F475-73E3-44BC-BC2A-39F66398D5FD}"
EndProject
Project("{9A19103F-16F7-4668-BE54-9A1E7A4F7556}") = "XLib.Drawing", "XLib.Drawing\XLib.Drawing.csproj", "{EB554451-B54B-4E63-B45E-4E2B423C4C6E}"
EndProject
Project("{2150E333-8FDC-42A3-9474-1A3956D46DE8}") = "Solution Items", "Solution Items", "{50998382-3328-47A6-9FF7-689A9FEA69FB}"
	ProjectSection(SolutionItems) = preProject
		.editorconfig = .editorconfig
	EndProjectSection
EndProject
Project("{9A19103F-16F7-4668-BE54-9A1E7A4F7556}") = "NodeLib.File", "NodeLib.File\NodeLib.File.csproj", "{E61A476A-046F-4258-B15E-28F33A035F16}"
EndProject
Project("{9A19103F-16F7-4668-BE54-9A1E7A4F7556}") = "XLib.Animate", "XLib.Animate\XLib.Animate.csproj", "{1399D5AA-BB17-4C02-971D-A35FA1E08332}"
EndProject
Project("{9A19103F-16F7-4668-BE54-9A1E7A4F7556}") = "XLib.Math", "XLib.Math\XLib.Math.csproj", "{CC5DB7BB-CA90-443B-AFF7-C3AD50AB70EB}"
EndProject
Project("{FAE04EC0-301F-11D3-BF4B-00C04F79EFBC}") = "XLib.Sample", "XLib.Sample\XLib.Sample.csproj", "{AAAE007A-011A-4C3F-9F82-93D0B8D6A102}"
EndProject
Global
	GlobalSection(SolutionConfigurationPlatforms) = preSolution
		Debug|Any CPU = Debug|Any CPU
		Release|Any CPU = Release|Any CPU
	EndGlobalSection
	GlobalSection(ProjectConfigurationPlatforms) = postSolution
		{76AB1B49-CA00-4705-A80F-EE20F7F26650}.Debug|Any CPU.ActiveCfg = Debug|Any CPU
		{76AB1B49-CA00-4705-A80F-EE20F7F26650}.Debug|Any CPU.Build.0 = Debug|Any CPU
		{76AB1B49-CA00-4705-A80F-EE20F7F26650}.Release|Any CPU.ActiveCfg = Release|Any CPU
		{76AB1B49-CA00-4705-A80F-EE20F7F26650}.Release|Any CPU.Build.0 = Release|Any CPU
		{310C0FCD-85AC-4032-9A04-DD6FCD5F9299}.Debug|Any CPU.ActiveCfg = Debug|Any CPU
		{310C0FCD-85AC-4032-9A04-DD6FCD5F9299}.Debug|Any CPU.Build.0 = Debug|Any CPU
		{310C0FCD-85AC-4032-9A04-DD6FCD5F9299}.Release|Any CPU.ActiveCfg = Release|Any CPU
		{310C0FCD-85AC-4032-9A04-DD6FCD5F9299}.Release|Any CPU.Build.0 = Release|Any CPU
		{DBA0491B-DD15-409D-A98F-B56A6C6976C2}.Debug|Any CPU.ActiveCfg = Debug|Any CPU
		{DBA0491B-DD15-409D-A98F-B56A6C6976C2}.Debug|Any CPU.Build.0 = Debug|Any CPU
		{DBA0491B-DD15-409D-A98F-B56A6C6976C2}.Release|Any CPU.ActiveCfg = Release|Any CPU
		{DBA0491B-DD15-409D-A98F-B56A6C6976C2}.Release|Any CPU.Build.0 = Release|Any CPU
		{DBEE9482-C744-45A9-B0AD-39A5408276D5}.Debug|Any CPU.ActiveCfg = Debug|Any CPU
		{DBEE9482-C744-45A9-B0AD-39A5408276D5}.Debug|Any CPU.Build.0 = Debug|Any CPU
		{DBEE9482-C744-45A9-B0AD-39A5408276D5}.Release|Any CPU.ActiveCfg = Release|Any CPU
		{DBEE9482-C744-45A9-B0AD-39A5408276D5}.Release|Any CPU.Build.0 = Release|Any CPU
		{FC34A634-13BE-4581-8EBB-B038CBB8FA49}.Debug|Any CPU.ActiveCfg = Debug|Any CPU
		{FC34A634-13BE-4581-8EBB-B038CBB8FA49}.Debug|Any CPU.Build.0 = Debug|Any CPU
		{FC34A634-13BE-4581-8EBB-B038CBB8FA49}.Release|Any CPU.ActiveCfg = Release|Any CPU
		{FC34A634-13BE-4581-8EBB-B038CBB8FA49}.Release|Any CPU.Build.0 = Release|Any CPU
		{AE46F475-73E3-44BC-BC2A-39F66398D5FD}.Debug|Any CPU.ActiveCfg = Debug|Any CPU
		{AE46F475-73E3-44BC-BC2A-39F66398D5FD}.Debug|Any CPU.Build.0 = Debug|Any CPU
		{AE46F475-73E3-44BC-BC2A-39F66398D5FD}.Release|Any CPU.ActiveCfg = Release|Any CPU
		{AE46F475-73E3-44BC-BC2A-39F66398D5FD}.Release|Any CPU.Build.0 = Release|Any CPU
		{EB554451-B54B-4E63-B45E-4E2B423C4C6E}.Debug|Any CPU.ActiveCfg = Debug|Any CPU
		{EB554451-B54B-4E63-B45E-4E2B423C4C6E}.Debug|Any CPU.Build.0 = Debug|Any CPU
		{EB554451-B54B-4E63-B45E-4E2B423C4C6E}.Release|Any CPU.ActiveCfg = Release|Any CPU
		{EB554451-B54B-4E63-B45E-4E2B423C4C6E}.Release|Any CPU.Build.0 = Release|Any CPU
		{E61A476A-046F-4258-B15E-28F33A035F16}.Debug|Any CPU.ActiveCfg = Debug|Any CPU
		{E61A476A-046F-4258-B15E-28F33A035F16}.Debug|Any CPU.Build.0 = Debug|Any CPU
		{E61A476A-046F-4258-B15E-28F33A035F16}.Release|Any CPU.ActiveCfg = Release|Any CPU
		{E61A476A-046F-4258-B15E-28F33A035F16}.Release|Any CPU.Build.0 = Release|Any CPU
		{1399D5AA-BB17-4C02-971D-A35FA1E08332}.Debug|Any CPU.ActiveCfg = Debug|Any CPU
		{1399D5AA-BB17-4C02-971D-A35FA1E08332}.Debug|Any CPU.Build.0 = Debug|Any CPU
		{1399D5AA-BB17-4C02-971D-A35FA1E08332}.Release|Any CPU.ActiveCfg = Release|Any CPU
		{1399D5AA-BB17-4C02-971D-A35FA1E08332}.Release|Any CPU.Build.0 = Release|Any CPU
		{CC5DB7BB-CA90-443B-AFF7-C3AD50AB70EB}.Debug|Any CPU.ActiveCfg = Debug|Any CPU
		{CC5DB7BB-CA90-443B-AFF7-C3AD50AB70EB}.Debug|Any CPU.Build.0 = Debug|Any CPU
		{CC5DB7BB-CA90-443B-AFF7-C3AD50AB70EB}.Release|Any CPU.ActiveCfg = Release|Any CPU
		{CC5DB7BB-CA90-443B-AFF7-C3AD50AB70EB}.Release|Any CPU.Build.0 = Release|Any CPU
		{AAAE007A-011A-4C3F-9F82-93D0B8D6A102}.Debug|Any CPU.ActiveCfg = Debug|Any CPU
		{AAAE007A-011A-4C3F-9F82-93D0B8D6A102}.Debug|Any CPU.Build.0 = Debug|Any CPU
		{AAAE007A-011A-4C3F-9F82-93D0B8D6A102}.Release|Any CPU.ActiveCfg = Release|Any CPU
		{AAAE007A-011A-4C3F-9F82-93D0B8D6A102}.Release|Any CPU.Build.0 = Release|Any CPU
	EndGlobalSection
	GlobalSection(SolutionProperties) = preSolution
		HideSolutionNode = FALSE
	EndGlobalSection
	GlobalSection(ExtensibilityGlobals) = postSolution
		SolutionGuid = {B6898580-466D-477A-845E-A0AF44065B0F}
	EndGlobalSection
EndGlobal
